
Microsoft Visual Studio Solution File, Format Version 11.00
# Visual Studio 2010
Project("{FAE04EC0-301F-11D3-BF4B-00C04F79EFBC}") = "TodesesserGame", "TodesesserGame\TodesesserGame\TodesesserGame.csproj", "{0F969BC1-61E6-4E45-9405-A3303AF98786}"
EndProject
Project("{FAE04EC0-301F-11D3-BF4B-00C04F79EFBC}") = "TodesesserGameContent", "TodesesserGame\TodesesserGameContent\TodesesserGameContent.contentproj", "{AA50D029-190E-47F4-AD6F-9B8C6FAB2AF2}"
EndProject
Project("{2150E333-8FDC-42A3-9474-1A3956D46DE8}") = "Graphics", "Graphics", "{7169B63C-CA5E-41B2-8D55-418F5ACD8D68}"
EndProject
Project("{FAE04EC0-301F-11D3-BF4B-00C04F79EFBC}") = "Lighting", "Lighting\Lighting.csproj", "{1C6F1225-16E3-4418-9708-74DE502F83EB}"
EndProject
Project("{FAE04EC0-301F-11D3-BF4B-00C04F79EFBC}") = "ContentPooling", "ContentPooling\ContentPooling.csproj", "{68D043AF-EDD7-4D8C-992B-DDEECF54EAD3}"
EndProject
Project("{2150E333-8FDC-42A3-9474-1A3956D46DE8}") = "General", "General", "{4897C472-802B-4FC8-A8BC-816F1494A404}"
EndProject
Project("{FAE04EC0-301F-11D3-BF4B-00C04F79EFBC}") = "ConPlug", "ConPlug\ConPlug.csproj", "{0910D94B-00CB-4119-8C40-92CB2B41C2B3}"
EndProject
Project("{FAE04EC0-301F-11D3-BF4B-00C04F79EFBC}") = "FarseerPhysics", "FarseerPhysics\FarseerPhysics.csproj", "{95B40504-C1C2-4FCD-98B3-B63AD35D6336}"
EndProject
Global
	GlobalSection(SubversionScc) = preSolution
		Svn-Managed = True
		Manager = AnkhSVN - Subversion Support for Visual Studio
	EndGlobalSection
	GlobalSection(SolutionConfigurationPlatforms) = preSolution
		Debug|Any CPU = Debug|Any CPU
		Debug|Mixed Platforms = Debug|Mixed Platforms
		Debug|x86 = Debug|x86
		Release|Any CPU = Release|Any CPU
		Release|Mixed Platforms = Release|Mixed Platforms
		Release|x86 = Release|x86
	EndGlobalSection
	GlobalSection(ProjectConfigurationPlatforms) = postSolution
		{0F969BC1-61E6-4E45-9405-A3303AF98786}.Debug|Any CPU.ActiveCfg = Debug|x86
		{0F969BC1-61E6-4E45-9405-A3303AF98786}.Debug|Mixed Platforms.ActiveCfg = Debug|x86
		{0F969BC1-61E6-4E45-9405-A3303AF98786}.Debug|Mixed Platforms.Build.0 = Debug|x86
		{0F969BC1-61E6-4E45-9405-A3303AF98786}.Debug|x86.ActiveCfg = Debug|x86
		{0F969BC1-61E6-4E45-9405-A3303AF98786}.Debug|x86.Build.0 = Debug|x86
		{0F969BC1-61E6-4E45-9405-A3303AF98786}.Release|Any CPU.ActiveCfg = Release|x86
		{0F969BC1-61E6-4E45-9405-A3303AF98786}.Release|Mixed Platforms.ActiveCfg = Release|x86
		{0F969BC1-61E6-4E45-9405-A3303AF98786}.Release|Mixed Platforms.Build.0 = Release|x86
		{0F969BC1-61E6-4E45-9405-A3303AF98786}.Release|x86.ActiveCfg = Release|x86
		{0F969BC1-61E6-4E45-9405-A3303AF98786}.Release|x86.Build.0 = Release|x86
		{AA50D029-190E-47F4-AD6F-9B8C6FAB2AF2}.Debug|Any CPU.ActiveCfg = Debug|Any CPU
		{AA50D029-190E-47F4-AD6F-9B8C6FAB2AF2}.Debug|Mixed Platforms.ActiveCfg = Debug|Any CPU
		{AA50D029-190E-47F4-AD6F-9B8C6FAB2AF2}.Debug|x86.ActiveCfg = Debug|Any CPU
		{AA50D029-190E-47F4-AD6F-9B8C6FAB2AF2}.Release|Any CPU.ActiveCfg = Debug|Any CPU
		{AA50D029-190E-47F4-AD6F-9B8C6FAB2AF2}.Release|Mixed Platforms.ActiveCfg = Debug|Any CPU
		{AA50D029-190E-47F4-AD6F-9B8C6FAB2AF2}.Release|x86.ActiveCfg = Debug|Any CPU
		{1C6F1225-16E3-4418-9708-74DE502F83EB}.Debug|Any CPU.ActiveCfg = Debug|x86
		{1C6F1225-16E3-4418-9708-74DE502F83EB}.Debug|Mixed Platforms.ActiveCfg = Debug|x86
		{1C6F1225-16E3-4418-9708-74DE502F83EB}.Debug|Mixed Platforms.Build.0 = Debug|x86
		{1C6F1225-16E3-4418-9708-74DE502F83EB}.Debug|x86.ActiveCfg = Debug|x86
		{1C6F1225-16E3-4418-9708-74DE502F83EB}.Debug|x86.Build.0 = Debug|x86
		{1C6F1225-16E3-4418-9708-74DE502F83EB}.Release|Any CPU.ActiveCfg = Release|x86
		{1C6F1225-16E3-4418-9708-74DE502F83EB}.Release|Mixed Platforms.ActiveCfg = Release|x86
		{1C6F1225-16E3-4418-9708-74DE502F83EB}.Release|Mixed Platforms.Build.0 = Release|x86
		{1C6F1225-16E3-4418-9708-74DE502F83EB}.Release|x86.ActiveCfg = Release|x86
		{1C6F1225-16E3-4418-9708-74DE502F83EB}.Release|x86.Build.0 = Release|x86
		{68D043AF-EDD7-4D8C-992B-DDEECF54EAD3}.Debug|Any CPU.ActiveCfg = Debug|x86
		{68D043AF-EDD7-4D8C-992B-DDEECF54EAD3}.Debug|Mixed Platforms.ActiveCfg = Debug|x86
		{68D043AF-EDD7-4D8C-992B-DDEECF54EAD3}.Debug|Mixed Platforms.Build.0 = Debug|x86
		{68D043AF-EDD7-4D8C-992B-DDEECF54EAD3}.Debug|x86.ActiveCfg = Debug|x86
		{68D043AF-EDD7-4D8C-992B-DDEECF54EAD3}.Debug|x86.Build.0 = Debug|x86
		{68D043AF-EDD7-4D8C-992B-DDEECF54EAD3}.Release|Any CPU.ActiveCfg = Release|x86
		{68D043AF-EDD7-4D8C-992B-DDEECF54EAD3}.Release|Mixed Platforms.ActiveCfg = Release|x86
		{68D043AF-EDD7-4D8C-992B-DDEECF54EAD3}.Release|Mixed Platforms.Build.0 = Release|x86
		{68D043AF-EDD7-4D8C-992B-DDEECF54EAD3}.Release|x86.ActiveCfg = Release|x86
		{68D043AF-EDD7-4D8C-992B-DDEECF54EAD3}.Release|x86.Build.0 = Release|x86
		{0910D94B-00CB-4119-8C40-92CB2B41C2B3}.Debug|Any CPU.ActiveCfg = Debug|Any CPU
		{0910D94B-00CB-4119-8C40-92CB2B41C2B3}.Debug|Any CPU.Build.0 = Debug|Any CPU
		{0910D94B-00CB-4119-8C40-92CB2B41C2B3}.Debug|Mixed Platforms.ActiveCfg = Debug|Any CPU
		{0910D94B-00CB-4119-8C40-92CB2B41C2B3}.Debug|Mixed Platforms.Build.0 = Debug|Any CPU
		{0910D94B-00CB-4119-8C40-92CB2B41C2B3}.Debug|x86.ActiveCfg = Debug|Any CPU
		{0910D94B-00CB-4119-8C40-92CB2B41C2B3}.Release|Any CPU.ActiveCfg = Release|Any CPU
		{0910D94B-00CB-4119-8C40-92CB2B41C2B3}.Release|Any CPU.Build.0 = Release|Any CPU
		{0910D94B-00CB-4119-8C40-92CB2B41C2B3}.Release|Mixed Platforms.ActiveCfg = Release|Any CPU
		{0910D94B-00CB-4119-8C40-92CB2B41C2B3}.Release|Mixed Platforms.Build.0 = Release|Any CPU
		{0910D94B-00CB-4119-8C40-92CB2B41C2B3}.Release|x86.ActiveCfg = Release|Any CPU
		{95B40504-C1C2-4FCD-98B3-B63AD35D6336}.Debug|Any CPU.ActiveCfg = Debug|Any CPU
		{95B40504-C1C2-4FCD-98B3-B63AD35D6336}.Debug|Any CPU.Build.0 = Debug|Any CPU
		{95B40504-C1C2-4FCD-98B3-B63AD35D6336}.Debug|Mixed Platforms.ActiveCfg = Debug|x86
		{95B40504-C1C2-4FCD-98B3-B63AD35D6336}.Debug|Mixed Platforms.Build.0 = Debug|x86
		{95B40504-C1C2-4FCD-98B3-B63AD35D6336}.Debug|x86.ActiveCfg = Debug|x86
		{95B40504-C1C2-4FCD-98B3-B63AD35D6336}.Debug|x86.Build.0 = Debug|x86
		{95B40504-C1C2-4FCD-98B3-B63AD35D6336}.Release|Any CPU.ActiveCfg = Release|Any CPU
		{95B40504-C1C2-4FCD-98B3-B63AD35D6336}.Release|Any CPU.Build.0 = Release|Any CPU
		{95B40504-C1C2-4FCD-98B3-B63AD35D6336}.Release|Mixed Platforms.ActiveCfg = Release|x86
		{95B40504-C1C2-4FCD-98B3-B63AD35D6336}.Release|Mixed Platforms.Build.0 = Release|x86
		{95B40504-C1C2-4FCD-98B3-B63AD35D6336}.Release|x86.ActiveCfg = Release|x86
		{95B40504-C1C2-4FCD-98B3-B63AD35D6336}.Release|x86.Build.0 = Release|x86
	EndGlobalSection
	GlobalSection(SolutionProperties) = preSolution
		HideSolutionNode = FALSE
	EndGlobalSection
	GlobalSection(NestedProjects) = preSolution
		{1C6F1225-16E3-4418-9708-74DE502F83EB} = {7169B63C-CA5E-41B2-8D55-418F5ACD8D68}
		{68D043AF-EDD7-4D8C-992B-DDEECF54EAD3} = {7169B63C-CA5E-41B2-8D55-418F5ACD8D68}
		{95B40504-C1C2-4FCD-98B3-B63AD35D6336} = {7169B63C-CA5E-41B2-8D55-418F5ACD8D68}
		{0910D94B-00CB-4119-8C40-92CB2B41C2B3} = {4897C472-802B-4FC8-A8BC-816F1494A404}
	EndGlobalSection
EndGlobal
