
Microsoft Visual Studio Solution File, Format Version 11.00
# Visual Studio 2010
Project("{FAE04EC0-301F-11D3-BF4B-00C04F79EFBC}") = "TestingTriangles", "TestingTriangles\TestingTriangles\TestingTriangles.csproj", "{3AD35A62-CE78-435B-BAC1-F03049A598BF}"
EndProject
Project("{FAE04EC0-301F-11D3-BF4B-00C04F79EFBC}") = "TestingTrianglesContent", "TestingTriangles\TestingTrianglesContent\TestingTrianglesContent.contentproj", "{87BE1BD2-44D7-466F-9126-25BFA221F258}"
EndProject
Project("{FAE04EC0-301F-11D3-BF4B-00C04F79EFBC}") = "3d2d", "3d2d\3d2d.csproj", "{B055A42D-E1B2-450C-8751-AF7BE4F22B9D}"
EndProject
Global
	GlobalSection(SubversionScc) = preSolution
		Svn-Managed = True
		Manager = AnkhSVN - Subversion Support for Visual Studio
	EndGlobalSection
	GlobalSection(SolutionConfigurationPlatforms) = preSolution
		Debug|Any CPU = Debug|Any CPU
		Debug|x86 = Debug|x86
		Release|Any CPU = Release|Any CPU
		Release|x86 = Release|x86
	EndGlobalSection
	GlobalSection(ProjectConfigurationPlatforms) = postSolution
		{3AD35A62-CE78-435B-BAC1-F03049A598BF}.Debug|Any CPU.ActiveCfg = Debug|x86
		{3AD35A62-CE78-435B-BAC1-F03049A598BF}.Debug|x86.ActiveCfg = Debug|x86
		{3AD35A62-CE78-435B-BAC1-F03049A598BF}.Debug|x86.Build.0 = Debug|x86
		{3AD35A62-CE78-435B-BAC1-F03049A598BF}.Release|Any CPU.ActiveCfg = Release|x86
		{3AD35A62-CE78-435B-BAC1-F03049A598BF}.Release|x86.ActiveCfg = Release|x86
		{3AD35A62-CE78-435B-BAC1-F03049A598BF}.Release|x86.Build.0 = Release|x86
		{87BE1BD2-44D7-466F-9126-25BFA221F258}.Debug|Any CPU.ActiveCfg = Debug|Any CPU
		{87BE1BD2-44D7-466F-9126-25BFA221F258}.Debug|x86.ActiveCfg = Debug|Any CPU
		{87BE1BD2-44D7-466F-9126-25BFA221F258}.Release|Any CPU.ActiveCfg = Debug|Any CPU
		{87BE1BD2-44D7-466F-9126-25BFA221F258}.Release|x86.ActiveCfg = Debug|Any CPU
		{B055A42D-E1B2-450C-8751-AF7BE4F22B9D}.Debug|Any CPU.ActiveCfg = Debug|x86
		{B055A42D-E1B2-450C-8751-AF7BE4F22B9D}.Debug|x86.ActiveCfg = Debug|x86
		{B055A42D-E1B2-450C-8751-AF7BE4F22B9D}.Debug|x86.Build.0 = Debug|x86
		{B055A42D-E1B2-450C-8751-AF7BE4F22B9D}.Release|Any CPU.ActiveCfg = Release|x86
		{B055A42D-E1B2-450C-8751-AF7BE4F22B9D}.Release|x86.ActiveCfg = Release|x86
		{B055A42D-E1B2-450C-8751-AF7BE4F22B9D}.Release|x86.Build.0 = Release|x86
	EndGlobalSection
	GlobalSection(SolutionProperties) = preSolution
		HideSolutionNode = FALSE
	EndGlobalSection
EndGlobal
